
Microsoft Visual Studio Solution File, Format Version 12.00
# Visual Studio Version 17
VisualStudioVersion = 17.5.33424.131
MinimumVisualStudioVersion = 10.0.40219.1
Project("{9A19103F-16F7-4668-BE54-9A1E7A4F7556}") = "FizzBuzz", "FizzBuzz\FizzBuzz.csproj", "{D097D325-6887-456B-9B5C-83861CD0663F}"
EndProject
Project("{9A19103F-16F7-4668-BE54-9A1E7A4F7556}") = "FizzBuzz_Tests", "FizzBuzz_Tests\FizzBuzz_Tests.csproj", "{481E8833-DE2D-4C42-8F7A-2CEE2A11CBCE}"
EndProject
Project("{2150E333-8FDC-42A3-9474-1A3956D46DE8}") = "FizzBuzz_Kata", "FizzBuzz_Kata", "{14CBF100-29FC-4233-8163-C912503C1024}"
EndProject
Project("{2150E333-8FDC-42A3-9474-1A3956D46DE8}") = "LeapYear_Kata", "LeapYear_Kata", "{87B7CF7D-F572-483C-8ECB-B4833E2101D1}"
EndProject
Project("{FAE04EC0-301F-11D3-BF4B-00C04F79EFBC}") = "LeapYear", "LeapYear\LeapYear.csproj", "{F5A30C9F-ED82-48C9-AE18-00A11D139921}"
EndProject
Project("{FAE04EC0-301F-11D3-BF4B-00C04F79EFBC}") = "LeapYear_Tests", "LeapYear_Tests\LeapYear_Tests.csproj", "{99B59059-A097-42E3-AE54-26BD13398237}"
EndProject
Project("{2150E333-8FDC-42A3-9474-1A3956D46DE8}") = "StringCalculator", "StringCalculator", "{E5B6B3BD-E87F-4569-8EBB-FCEFD421B58B}"
EndProject
Project("{FAE04EC0-301F-11D3-BF4B-00C04F79EFBC}") = "StringCalculator", "StringCalculator\StringCalculator.csproj", "{125B16C8-72DD-4DE0-9F3D-D8E3D2E80B30}"
EndProject
Project("{FAE04EC0-301F-11D3-BF4B-00C04F79EFBC}") = "StringCalculator_Test", "StringCalculator\StringCalculator_Test\StringCalculator_Test.csproj", "{43F7713B-449C-4365-8C67-3B1CF09289C3}"
EndProject
Project("{2150E333-8FDC-42A3-9474-1A3956D46DE8}") = "Factorial_Kata", "Factorial_Kata", "{752C25CB-3C21-469C-989A-655EDF7437D0}"
EndProject
Project("{FAE04EC0-301F-11D3-BF4B-00C04F79EFBC}") = "Factorial", "Factorial\Factorial.csproj", "{08D19CFC-1F7B-4A74-AAD8-7A26FF15CB67}"
EndProject
Project("{FAE04EC0-301F-11D3-BF4B-00C04F79EFBC}") = "Factorial_Tests", "Factorial_Tests\Factorial_Tests.csproj", "{ACDC08DE-B77F-4F96-B2ED-511B4FF6BE4F}"
EndProject
Project("{2150E333-8FDC-42A3-9474-1A3956D46DE8}") = "Fibonacci_Kata", "Fibonacci_Kata", "{40A81FBB-7879-4624-A58B-3A552B5536A2}"
EndProject
Project("{FAE04EC0-301F-11D3-BF4B-00C04F79EFBC}") = "Fibonacci_Tests", "Fibonacci_Tests\Fibonacci_Tests.csproj", "{EBC3D142-475F-4297-99ED-05412BA94B44}"
EndProject
Project("{FAE04EC0-301F-11D3-BF4B-00C04F79EFBC}") = "Fibonacci", "Fibonacci\Fibonacci.csproj", "{3BE25A2D-064F-429B-8EF7-1816A5930648}"
EndProject
Project("{2150E333-8FDC-42A3-9474-1A3956D46DE8}") = "PasswordValidation_Kata", "PasswordValidation_Kata", "{1FACFF4B-08A7-42D7-84A2-FE7A7573BA9E}"
EndProject
Project("{FAE04EC0-301F-11D3-BF4B-00C04F79EFBC}") = "PasswordValidation", "PasswordValidation\PasswordValidation.csproj", "{8600E565-B4ED-467F-AF17-8FF14B0C8E26}"
EndProject
Project("{FAE04EC0-301F-11D3-BF4B-00C04F79EFBC}") = "PasswordValidation_Tests", "PasswordValidation_Tests\PasswordValidation_Tests.csproj", "{10715D97-788F-4071-A5C8-E7B5FC17F1D3}"
EndProject
Project("{2150E333-8FDC-42A3-9474-1A3956D46DE8}") = "TicTacToe_Kata", "TicTacToe_Kata", "{A5B9C3AC-1A79-40B2-AF85-78B73A4DB2B0}"
EndProject
Project("{FAE04EC0-301F-11D3-BF4B-00C04F79EFBC}") = "TicTacToe", "TicTacToe\TicTacToe.csproj", "{D4FF1C9D-9056-4A77-BE5D-0CFF40D2558A}"
EndProject
Project("{FAE04EC0-301F-11D3-BF4B-00C04F79EFBC}") = "TicTacToe.Tests", "TicTacToe.Tests\TicTacToe.Tests.csproj", "{DC4C5C1D-5C42-405C-B25E-1B16A95B2315}"
EndProject
Project("{2150E333-8FDC-42A3-9474-1A3956D46DE8}") = "PointOfSale", "PointOfSale", "{D685080D-3BA4-486E-B1E0-2A8C98DF4710}"
EndProject
Project("{FAE04EC0-301F-11D3-BF4B-00C04F79EFBC}") = "PointOfSale.Tests", "PointOfSale.Tests\PointOfSale.Tests.csproj", "{8675484D-F502-4357-BB23-2A824C420C1C}"
EndProject
Project("{FAE04EC0-301F-11D3-BF4B-00C04F79EFBC}") = "PointOfSale", "PointOfSale\PointOfSale.csproj", "{C7570A27-1F65-422F-BAD6-562A8B1BFD00}"
EndProject
Project("{2150E333-8FDC-42A3-9474-1A3956D46DE8}") = "SearchEngine_Kata", "SearchEngine_Kata", "{AE237E8A-0732-463E-9633-7EA6975E1AB6}"
EndProject
Project("{FAE04EC0-301F-11D3-BF4B-00C04F79EFBC}") = "SearchEngine", "SearchEngine\SearchEngine.csproj", "{CE1C36BB-3B6F-4F62-AB07-75892B466F0A}"
EndProject
Project("{FAE04EC0-301F-11D3-BF4B-00C04F79EFBC}") = "SearchEngine.Tests", "SearchEngine.Tests\SearchEngine.Tests.csproj", "{36433E4B-0D5D-43D6-9D4E-0C8A168E3C6A}"
EndProject
Project("{2150E333-8FDC-42A3-9474-1A3956D46DE8}") = "MarsRover_Kata", "MarsRover_Kata", "{288E3050-24D9-449D-A546-337E7D3F1F50}"
EndProject
Project("{FAE04EC0-301F-11D3-BF4B-00C04F79EFBC}") = "MarsRover", "MarsRover\MarsRover.csproj", "{F9E6B537-7460-4AFF-BF13-0AB84495F1A3}"
EndProject
Project("{FAE04EC0-301F-11D3-BF4B-00C04F79EFBC}") = "MarsRover.Tests", "MarsRover.Tests\MarsRover.Tests.csproj", "{B7065B48-906C-4DCD-B291-F98946A8EF2D}"
EndProject
Project("{2150E333-8FDC-42A3-9474-1A3956D46DE8}") = "RomanNumerals_Kata", "RomanNumerals_Kata", "{17A16841-27F5-4729-B2C3-BDA7806EE5D2}"
EndProject
Project("{FAE04EC0-301F-11D3-BF4B-00C04F79EFBC}") = "RomanNumerals.Tests", "RomanNumerals.Tests\RomanNumerals.Tests.csproj", "{1F24C422-4445-41DC-A656-874A184F4CDD}"
EndProject
Project("{FAE04EC0-301F-11D3-BF4B-00C04F79EFBC}") = "RomanNumerals", "RomanNumerals\RomanNumerals.csproj", "{AFF9193A-9500-4654-B9F5-E01A81DC77ED}"
EndProject
Global
	GlobalSection(SolutionConfigurationPlatforms) = preSolution
		Debug|Any CPU = Debug|Any CPU
		Release|Any CPU = Release|Any CPU
	EndGlobalSection
	GlobalSection(ProjectConfigurationPlatforms) = postSolution
		{D097D325-6887-456B-9B5C-83861CD0663F}.Debug|Any CPU.ActiveCfg = Debug|Any CPU
		{D097D325-6887-456B-9B5C-83861CD0663F}.Debug|Any CPU.Build.0 = Debug|Any CPU
		{D097D325-6887-456B-9B5C-83861CD0663F}.Release|Any CPU.ActiveCfg = Release|Any CPU
		{D097D325-6887-456B-9B5C-83861CD0663F}.Release|Any CPU.Build.0 = Release|Any CPU
		{481E8833-DE2D-4C42-8F7A-2CEE2A11CBCE}.Debug|Any CPU.ActiveCfg = Debug|Any CPU
		{481E8833-DE2D-4C42-8F7A-2CEE2A11CBCE}.Debug|Any CPU.Build.0 = Debug|Any CPU
		{481E8833-DE2D-4C42-8F7A-2CEE2A11CBCE}.Release|Any CPU.ActiveCfg = Release|Any CPU
		{481E8833-DE2D-4C42-8F7A-2CEE2A11CBCE}.Release|Any CPU.Build.0 = Release|Any CPU
		{F5A30C9F-ED82-48C9-AE18-00A11D139921}.Debug|Any CPU.ActiveCfg = Debug|Any CPU
		{F5A30C9F-ED82-48C9-AE18-00A11D139921}.Debug|Any CPU.Build.0 = Debug|Any CPU
		{F5A30C9F-ED82-48C9-AE18-00A11D139921}.Release|Any CPU.ActiveCfg = Release|Any CPU
		{F5A30C9F-ED82-48C9-AE18-00A11D139921}.Release|Any CPU.Build.0 = Release|Any CPU
		{99B59059-A097-42E3-AE54-26BD13398237}.Debug|Any CPU.ActiveCfg = Debug|Any CPU
		{99B59059-A097-42E3-AE54-26BD13398237}.Debug|Any CPU.Build.0 = Debug|Any CPU
		{99B59059-A097-42E3-AE54-26BD13398237}.Release|Any CPU.ActiveCfg = Release|Any CPU
		{99B59059-A097-42E3-AE54-26BD13398237}.Release|Any CPU.Build.0 = Release|Any CPU
		{125B16C8-72DD-4DE0-9F3D-D8E3D2E80B30}.Debug|Any CPU.ActiveCfg = Debug|Any CPU
		{125B16C8-72DD-4DE0-9F3D-D8E3D2E80B30}.Debug|Any CPU.Build.0 = Debug|Any CPU
		{125B16C8-72DD-4DE0-9F3D-D8E3D2E80B30}.Release|Any CPU.ActiveCfg = Release|Any CPU
		{125B16C8-72DD-4DE0-9F3D-D8E3D2E80B30}.Release|Any CPU.Build.0 = Release|Any CPU
		{43F7713B-449C-4365-8C67-3B1CF09289C3}.Debug|Any CPU.ActiveCfg = Debug|Any CPU
		{43F7713B-449C-4365-8C67-3B1CF09289C3}.Debug|Any CPU.Build.0 = Debug|Any CPU
		{43F7713B-449C-4365-8C67-3B1CF09289C3}.Release|Any CPU.ActiveCfg = Release|Any CPU
		{43F7713B-449C-4365-8C67-3B1CF09289C3}.Release|Any CPU.Build.0 = Release|Any CPU
		{08D19CFC-1F7B-4A74-AAD8-7A26FF15CB67}.Debug|Any CPU.ActiveCfg = Debug|Any CPU
		{08D19CFC-1F7B-4A74-AAD8-7A26FF15CB67}.Debug|Any CPU.Build.0 = Debug|Any CPU
		{08D19CFC-1F7B-4A74-AAD8-7A26FF15CB67}.Release|Any CPU.ActiveCfg = Release|Any CPU
		{08D19CFC-1F7B-4A74-AAD8-7A26FF15CB67}.Release|Any CPU.Build.0 = Release|Any CPU
		{ACDC08DE-B77F-4F96-B2ED-511B4FF6BE4F}.Debug|Any CPU.ActiveCfg = Debug|Any CPU
		{ACDC08DE-B77F-4F96-B2ED-511B4FF6BE4F}.Debug|Any CPU.Build.0 = Debug|Any CPU
		{ACDC08DE-B77F-4F96-B2ED-511B4FF6BE4F}.Release|Any CPU.ActiveCfg = Release|Any CPU
		{ACDC08DE-B77F-4F96-B2ED-511B4FF6BE4F}.Release|Any CPU.Build.0 = Release|Any CPU
		{EBC3D142-475F-4297-99ED-05412BA94B44}.Debug|Any CPU.ActiveCfg = Debug|Any CPU
		{EBC3D142-475F-4297-99ED-05412BA94B44}.Debug|Any CPU.Build.0 = Debug|Any CPU
		{EBC3D142-475F-4297-99ED-05412BA94B44}.Release|Any CPU.ActiveCfg = Release|Any CPU
		{EBC3D142-475F-4297-99ED-05412BA94B44}.Release|Any CPU.Build.0 = Release|Any CPU
		{3BE25A2D-064F-429B-8EF7-1816A5930648}.Debug|Any CPU.ActiveCfg = Debug|Any CPU
		{3BE25A2D-064F-429B-8EF7-1816A5930648}.Debug|Any CPU.Build.0 = Debug|Any CPU
		{3BE25A2D-064F-429B-8EF7-1816A5930648}.Release|Any CPU.ActiveCfg = Release|Any CPU
		{3BE25A2D-064F-429B-8EF7-1816A5930648}.Release|Any CPU.Build.0 = Release|Any CPU
		{8600E565-B4ED-467F-AF17-8FF14B0C8E26}.Debug|Any CPU.ActiveCfg = Debug|Any CPU
		{8600E565-B4ED-467F-AF17-8FF14B0C8E26}.Debug|Any CPU.Build.0 = Debug|Any CPU
		{8600E565-B4ED-467F-AF17-8FF14B0C8E26}.Release|Any CPU.ActiveCfg = Release|Any CPU
		{8600E565-B4ED-467F-AF17-8FF14B0C8E26}.Release|Any CPU.Build.0 = Release|Any CPU
		{10715D97-788F-4071-A5C8-E7B5FC17F1D3}.Debug|Any CPU.ActiveCfg = Debug|Any CPU
		{10715D97-788F-4071-A5C8-E7B5FC17F1D3}.Debug|Any CPU.Build.0 = Debug|Any CPU
		{10715D97-788F-4071-A5C8-E7B5FC17F1D3}.Release|Any CPU.ActiveCfg = Release|Any CPU
		{10715D97-788F-4071-A5C8-E7B5FC17F1D3}.Release|Any CPU.Build.0 = Release|Any CPU
		{D4FF1C9D-9056-4A77-BE5D-0CFF40D2558A}.Debug|Any CPU.ActiveCfg = Debug|Any CPU
		{D4FF1C9D-9056-4A77-BE5D-0CFF40D2558A}.Debug|Any CPU.Build.0 = Debug|Any CPU
		{D4FF1C9D-9056-4A77-BE5D-0CFF40D2558A}.Release|Any CPU.ActiveCfg = Release|Any CPU
		{D4FF1C9D-9056-4A77-BE5D-0CFF40D2558A}.Release|Any CPU.Build.0 = Release|Any CPU
		{DC4C5C1D-5C42-405C-B25E-1B16A95B2315}.Debug|Any CPU.ActiveCfg = Debug|Any CPU
		{DC4C5C1D-5C42-405C-B25E-1B16A95B2315}.Debug|Any CPU.Build.0 = Debug|Any CPU
		{DC4C5C1D-5C42-405C-B25E-1B16A95B2315}.Release|Any CPU.ActiveCfg = Release|Any CPU
		{DC4C5C1D-5C42-405C-B25E-1B16A95B2315}.Release|Any CPU.Build.0 = Release|Any CPU
		{8675484D-F502-4357-BB23-2A824C420C1C}.Debug|Any CPU.ActiveCfg = Debug|Any CPU
		{8675484D-F502-4357-BB23-2A824C420C1C}.Debug|Any CPU.Build.0 = Debug|Any CPU
		{8675484D-F502-4357-BB23-2A824C420C1C}.Release|Any CPU.ActiveCfg = Release|Any CPU
		{8675484D-F502-4357-BB23-2A824C420C1C}.Release|Any CPU.Build.0 = Release|Any CPU
		{C7570A27-1F65-422F-BAD6-562A8B1BFD00}.Debug|Any CPU.ActiveCfg = Debug|Any CPU
		{C7570A27-1F65-422F-BAD6-562A8B1BFD00}.Debug|Any CPU.Build.0 = Debug|Any CPU
		{C7570A27-1F65-422F-BAD6-562A8B1BFD00}.Release|Any CPU.ActiveCfg = Release|Any CPU
		{C7570A27-1F65-422F-BAD6-562A8B1BFD00}.Release|Any CPU.Build.0 = Release|Any CPU
		{CE1C36BB-3B6F-4F62-AB07-75892B466F0A}.Debug|Any CPU.ActiveCfg = Debug|Any CPU
		{CE1C36BB-3B6F-4F62-AB07-75892B466F0A}.Debug|Any CPU.Build.0 = Debug|Any CPU
		{CE1C36BB-3B6F-4F62-AB07-75892B466F0A}.Release|Any CPU.ActiveCfg = Release|Any CPU
		{CE1C36BB-3B6F-4F62-AB07-75892B466F0A}.Release|Any CPU.Build.0 = Release|Any CPU
		{36433E4B-0D5D-43D6-9D4E-0C8A168E3C6A}.Debug|Any CPU.ActiveCfg = Debug|Any CPU
		{36433E4B-0D5D-43D6-9D4E-0C8A168E3C6A}.Debug|Any CPU.Build.0 = Debug|Any CPU
		{36433E4B-0D5D-43D6-9D4E-0C8A168E3C6A}.Release|Any CPU.ActiveCfg = Release|Any CPU
		{36433E4B-0D5D-43D6-9D4E-0C8A168E3C6A}.Release|Any CPU.Build.0 = Release|Any CPU
		{F9E6B537-7460-4AFF-BF13-0AB84495F1A3}.Debug|Any CPU.ActiveCfg = Debug|Any CPU
		{F9E6B537-7460-4AFF-BF13-0AB84495F1A3}.Debug|Any CPU.Build.0 = Debug|Any CPU
		{F9E6B537-7460-4AFF-BF13-0AB84495F1A3}.Release|Any CPU.ActiveCfg = Release|Any CPU
		{F9E6B537-7460-4AFF-BF13-0AB84495F1A3}.Release|Any CPU.Build.0 = Release|Any CPU
		{B7065B48-906C-4DCD-B291-F98946A8EF2D}.Debug|Any CPU.ActiveCfg = Debug|Any CPU
		{B7065B48-906C-4DCD-B291-F98946A8EF2D}.Debug|Any CPU.Build.0 = Debug|Any CPU
		{B7065B48-906C-4DCD-B291-F98946A8EF2D}.Release|Any CPU.ActiveCfg = Release|Any CPU
		{B7065B48-906C-4DCD-B291-F98946A8EF2D}.Release|Any CPU.Build.0 = Release|Any CPU
		{1F24C422-4445-41DC-A656-874A184F4CDD}.Debug|Any CPU.ActiveCfg = Debug|Any CPU
		{1F24C422-4445-41DC-A656-874A184F4CDD}.Debug|Any CPU.Build.0 = Debug|Any CPU
		{1F24C422-4445-41DC-A656-874A184F4CDD}.Release|Any CPU.ActiveCfg = Release|Any CPU
		{1F24C422-4445-41DC-A656-874A184F4CDD}.Release|Any CPU.Build.0 = Release|Any CPU
		{AFF9193A-9500-4654-B9F5-E01A81DC77ED}.Debug|Any CPU.ActiveCfg = Debug|Any CPU
		{AFF9193A-9500-4654-B9F5-E01A81DC77ED}.Debug|Any CPU.Build.0 = Debug|Any CPU
		{AFF9193A-9500-4654-B9F5-E01A81DC77ED}.Release|Any CPU.ActiveCfg = Release|Any CPU
		{AFF9193A-9500-4654-B9F5-E01A81DC77ED}.Release|Any CPU.Build.0 = Release|Any CPU
	EndGlobalSection
	GlobalSection(SolutionProperties) = preSolution
		HideSolutionNode = FALSE
	EndGlobalSection
	GlobalSection(NestedProjects) = preSolution
		{D097D325-6887-456B-9B5C-83861CD0663F} = {14CBF100-29FC-4233-8163-C912503C1024}
		{481E8833-DE2D-4C42-8F7A-2CEE2A11CBCE} = {14CBF100-29FC-4233-8163-C912503C1024}
		{F5A30C9F-ED82-48C9-AE18-00A11D139921} = {87B7CF7D-F572-483C-8ECB-B4833E2101D1}
		{99B59059-A097-42E3-AE54-26BD13398237} = {87B7CF7D-F572-483C-8ECB-B4833E2101D1}
		{125B16C8-72DD-4DE0-9F3D-D8E3D2E80B30} = {E5B6B3BD-E87F-4569-8EBB-FCEFD421B58B}
		{43F7713B-449C-4365-8C67-3B1CF09289C3} = {E5B6B3BD-E87F-4569-8EBB-FCEFD421B58B}
		{08D19CFC-1F7B-4A74-AAD8-7A26FF15CB67} = {752C25CB-3C21-469C-989A-655EDF7437D0}
		{ACDC08DE-B77F-4F96-B2ED-511B4FF6BE4F} = {752C25CB-3C21-469C-989A-655EDF7437D0}
		{EBC3D142-475F-4297-99ED-05412BA94B44} = {40A81FBB-7879-4624-A58B-3A552B5536A2}
		{3BE25A2D-064F-429B-8EF7-1816A5930648} = {40A81FBB-7879-4624-A58B-3A552B5536A2}
		{8600E565-B4ED-467F-AF17-8FF14B0C8E26} = {1FACFF4B-08A7-42D7-84A2-FE7A7573BA9E}
		{10715D97-788F-4071-A5C8-E7B5FC17F1D3} = {1FACFF4B-08A7-42D7-84A2-FE7A7573BA9E}
		{D4FF1C9D-9056-4A77-BE5D-0CFF40D2558A} = {A5B9C3AC-1A79-40B2-AF85-78B73A4DB2B0}
		{DC4C5C1D-5C42-405C-B25E-1B16A95B2315} = {A5B9C3AC-1A79-40B2-AF85-78B73A4DB2B0}
		{8675484D-F502-4357-BB23-2A824C420C1C} = {D685080D-3BA4-486E-B1E0-2A8C98DF4710}
		{C7570A27-1F65-422F-BAD6-562A8B1BFD00} = {D685080D-3BA4-486E-B1E0-2A8C98DF4710}
		{CE1C36BB-3B6F-4F62-AB07-75892B466F0A} = {AE237E8A-0732-463E-9633-7EA6975E1AB6}
		{36433E4B-0D5D-43D6-9D4E-0C8A168E3C6A} = {AE237E8A-0732-463E-9633-7EA6975E1AB6}
		{F9E6B537-7460-4AFF-BF13-0AB84495F1A3} = {288E3050-24D9-449D-A546-337E7D3F1F50}
		{B7065B48-906C-4DCD-B291-F98946A8EF2D} = {288E3050-24D9-449D-A546-337E7D3F1F50}
		{1F24C422-4445-41DC-A656-874A184F4CDD} = {17A16841-27F5-4729-B2C3-BDA7806EE5D2}
		{AFF9193A-9500-4654-B9F5-E01A81DC77ED} = {17A16841-27F5-4729-B2C3-BDA7806EE5D2}
	EndGlobalSection
	GlobalSection(ExtensibilityGlobals) = postSolution
		SolutionGuid = {B91EC20F-D599-4386-9370-37CDC801780D}
	EndGlobalSection
EndGlobal
