
Microsoft Visual Studio Solution File, Format Version 12.00
Project("{FAE04EC0-301F-11D3-BF4B-00C04F79EFBC}") = "OrdersWebApi", "OrdersWebApi\OrdersWebApi.csproj", "{633EF29A-2E1A-40D8-B336-DF718D54FC06}"
EndProject
Project("{FAE04EC0-301F-11D3-BF4B-00C04F79EFBC}") = "OrdersWebApi.Tests", "OrdersWebApi.Tests\OrdersWebApi.Tests.csproj", "{B340C0F1-BE29-40CB-B3A5-B6AF4DD58855}"
EndProject
Global
	GlobalSection(SolutionConfigurationPlatforms) = preSolution
		Debug|Any CPU = Debug|Any CPU
		Release|Any CPU = Release|Any CPU
	EndGlobalSection
	GlobalSection(ProjectConfigurationPlatforms) = postSolution
		{633EF29A-2E1A-40D8-B336-DF718D54FC06}.Debug|Any CPU.ActiveCfg = Debug|Any CPU
		{633EF29A-2E1A-40D8-B336-DF718D54FC06}.Debug|Any CPU.Build.0 = Debug|Any CPU
		{633EF29A-2E1A-40D8-B336-DF718D54FC06}.Release|Any CPU.ActiveCfg = Release|Any CPU
		{633EF29A-2E1A-40D8-B336-DF718D54FC06}.Release|Any CPU.Build.0 = Release|Any CPU
		{B340C0F1-BE29-40CB-B3A5-B6AF4DD58855}.Debug|Any CPU.ActiveCfg = Debug|Any CPU
		{B340C0F1-BE29-40CB-B3A5-B6AF4DD58855}.Debug|Any CPU.Build.0 = Debug|Any CPU
		{B340C0F1-BE29-40CB-B3A5-B6AF4DD58855}.Release|Any CPU.ActiveCfg = Release|Any CPU
		{B340C0F1-BE29-40CB-B3A5-B6AF4DD58855}.Release|Any CPU.Build.0 = Release|Any CPU
	EndGlobalSection
EndGlobal
